schema: '2.0'
stages:
  prepare_categories:
    cmd: uv run scripts/prepare_categories.py
    deps:
    - path: data/category_tree.csv
      hash: md5
      md5: f0e1eb878ae66209004112f6355d7e83
      size: 14454
    - path: scripts/prepare_categories.py
      hash: md5
      md5: 49d9921698b8b4e1cb6a13d882076fc8
      size: 3750
    params:
      params.yaml:
        prepare_categories.category_tree_path: data/category_tree.csv
        prepare_categories.output_dir_path: data/prepared
    outs:
    - path: data/prepared/categories.parquet
      hash: md5
      md5: f8c79ae181379ab37ec53d0fea585f53
      size: 13141
    - path: data/prepared/categories_metadata.json
      hash: md5
      md5: fbf3e6c0cedf14b4e219d2fd442092d8
      size: 85
  prepare_sessions:
    cmd: uv run scripts/prepare_sessions.py
    deps:
    - path: data/events.csv
      hash: md5
      md5: fddaf7c1c6a9df23a726500a08ffdd7e
      size: 94237913
    - path: scripts/prepare_sessions.py
      hash: md5
      md5: 20600a11285122a9469c35f9e7d5bb81
      size: 2329
    params:
      params.yaml:
        prepare_sessions.events_path: data/events.csv
        prepare_sessions.output_dir_path: data/prepared
    outs:
    - path: data/prepared/event_ids.json
      hash: md5
      md5: 587afaa11edd0941d5d59195025c4493
      size: 59
    - path: data/prepared/sessions.parquet
      hash: md5
      md5: 07edfc845729ccb97425eca320aca209
      size: 12795323
  prepare_item_properties:
    cmd: uv run scripts/prepare_item_properties.py
    deps:
    - path: data/item_properties_part1.csv
      hash: md5
      md5: cb43a0682a1af76f1c1b60f9163ae47b
      size: 484315749
    - path: data/item_properties_part2.csv
      hash: md5
      md5: e74ec953e7b192920b195dfd82dc2a4e
      size: 408929907
    - path: scripts/prepare_item_properties.py
      hash: md5
      md5: 828ec5db2dc58c440caadfb0b81cd392
      size: 5997
    params:
      params.yaml:
        prepare_item_properties.item_properties_part1_path: 
          data/item_properties_part1.csv
        prepare_item_properties.item_properties_part2_path: 
          data/item_properties_part2.csv
        prepare_item_properties.output_dir_path: data/prepared
    outs:
    - path: data/prepared/item_properties.parquet
      hash: md5
      md5: b22b427839e1700239d7fb9113f7ae2f
      size: 42181513
    - path: data/prepared/item_properties_metadata.json
      hash: md5
      md5: 249aec5d77879983cfc79bdd42693777
      size: 165
  featurize:
    cmd: uv run scripts/featurize.py
    deps:
    - path: data/prepared/categories.parquet
      hash: md5
      md5: f8c79ae181379ab37ec53d0fea585f53
      size: 13141
    - path: data/prepared/item_properties.parquet
      hash: md5
      md5: b22b427839e1700239d7fb9113f7ae2f
      size: 42181513
    - path: data/prepared/sessions.parquet
      hash: md5
      md5: 07edfc845729ccb97425eca320aca209
      size: 12795323
    - path: scripts/featurize.py
      hash: md5
      md5: 3fd970ef631ed86e6e5970a95106c9cf
      size: 3312
    params:
      params.yaml:
        featurize.categories_metadata_path: 
          data/prepared/categories_metadata.json
        featurize.categories_path: data/prepared/categories.parquet
        featurize.item_properties_metadata_path: 
          data/prepared/item_properties_metadata.json
        featurize.item_properties_path: data/prepared/item_properties.parquet
        featurize.output_dir_path: data/prepared
        featurize.sessions_path: data/prepared/sessions.parquet
    outs:
    - path: data/prepared/enriched_sessions.parquet
      hash: md5
      md5: 8590d7a70d35eaf8c679f5f4dc1bd7c7
      size: 17004375
    - path: data/prepared/metadata.json
      hash: md5
      md5: da6bba9d072cb2213c19618b13491794
      size: 359
