schema: '2.0'
stages:
  prepare_categories:
    cmd: uv run scripts/prepare_categories.py
    deps:
    - path: data/category_tree.csv
      hash: md5
      md5: f0e1eb878ae66209004112f6355d7e83
      size: 14454
    - path: scripts/prepare_categories.py
      hash: md5
      md5: 2732faba5adc623aab617a0a7ea9f546
      size: 3011
    params:
      params.yaml:
        prepare_categories.category_tree_path: data/category_tree.csv
        prepare_categories.output_dir_path: data/prepared
    outs:
    - path: data/prepared/categories.parquet
      hash: md5
      md5: f8c79ae181379ab37ec53d0fea585f53
      size: 13141
  prepare_sessions:
    cmd: uv run scripts/prepare_sessions.py
    deps:
    - path: data/events.csv
      hash: md5
      md5: fddaf7c1c6a9df23a726500a08ffdd7e
      size: 94237913
    - path: scripts/prepare_sessions.py
      hash: md5
      md5: 32f5f60b0567607f7497b136525da535
      size: 2303
    params:
      params.yaml:
        prepare_sessions.events_path: data/events.csv
        prepare_sessions.output_dir_path: data/prepared
    outs:
    - path: data/prepared/event_ids.json
      hash: md5
      md5: 587afaa11edd0941d5d59195025c4493
      size: 59
    - path: data/prepared/sessions.parquet
      hash: md5
      md5: 07edfc845729ccb97425eca320aca209
      size: 12795323
  prepare_item_properties:
    cmd: uv run scripts/prepare_item_properties.py
    deps:
    - path: data/item_properties_part1.csv
      hash: md5
      md5: cb43a0682a1af76f1c1b60f9163ae47b
      size: 484315749
    - path: data/item_properties_part2.csv
      hash: md5
      md5: e74ec953e7b192920b195dfd82dc2a4e
      size: 408929907
    - path: scripts/prepare_item_properties.py
      hash: md5
      md5: c7dc6c2625892b32715a997908b67124
      size: 4617
    params:
      params.yaml:
        prepare_item_properties.item_properties_part1_path: 
          data/item_properties_part1.csv
        prepare_item_properties.item_properties_part2_path: 
          data/item_properties_part2.csv
        prepare_item_properties.output_dir_path: data/prepared
    outs:
    - path: data/prepared/item_properties.parquet
      hash: md5
      md5: d88ccea3651fc7eeb8a4555c63c8ef80
      size: 42197008
  featurize:
    cmd: uv run scripts/featurize.py
    deps:
    - path: data/prepared/categories.parquet
      hash: md5
      md5: f8c79ae181379ab37ec53d0fea585f53
      size: 13141
    - path: data/prepared/item_properties.parquet
      hash: md5
      md5: d88ccea3651fc7eeb8a4555c63c8ef80
      size: 42197008
    - path: data/prepared/sessions.parquet
      hash: md5
      md5: 07edfc845729ccb97425eca320aca209
      size: 12795323
    - path: scripts/featurize.py
      hash: md5
      md5: 6bbe8c80673afe80acfec64e63676372
      size: 1877
    params:
      params.yaml:
        featurize.categories_path: data/prepared/categories.parquet
        featurize.item_properties_path: data/prepared/item_properties.parquet
        featurize.output_dir_path: data/prepared
        featurize.sessions_path: data/prepared/sessions.parquet
    outs:
    - path: data/prepared/enriched_sessions.parquet
      hash: md5
      md5: 8590d7a70d35eaf8c679f5f4dc1bd7c7
      size: 17004375
