schema: '2.0'
stages:
  prepare_categories:
    cmd: uv run scripts/prepare_categories.py
    deps:
    - path: data/category_tree.csv
      hash: md5
      md5: f0e1eb878ae66209004112f6355d7e83
      size: 14454
    - path: scripts/prepare_categories.py
      hash: md5
      md5: 1abeebf6da65b348139e6d3afab42c98
      size: 2562
    params:
      params.yaml:
        prepare_categories.category_tree_path: data/category_tree.csv
        prepare_categories.output_dir_path: data/prepared
    outs:
    - path: data/prepared/categories.parquet
      hash: md5
      md5: f09f791e24edffe449429812d73923ab
      size: 11579
  prepare_sessions:
    cmd: uv run scripts/prepare_sessions.py
    deps:
    - path: data/events.csv
      hash: md5
      md5: fddaf7c1c6a9df23a726500a08ffdd7e
      size: 94237913
    - path: scripts/prepare_sessions.py
      hash: md5
      md5: 1bf951767bb26f3209e777010b393a41
      size: 2159
    params:
      params.yaml:
        prepare_sessions.events_path: data/events.csv
        prepare_sessions.output_dir_path: data/prepared
    outs:
    - path: data/prepared/event_ids.json
      hash: md5
      md5: 587afaa11edd0941d5d59195025c4493
      size: 59
    - path: data/prepared/sessions.parquet
      hash: md5
      md5: 9a266935b211660834ed2168e8593e02
      size: 18362625
  prepare_item_properties:
    cmd: uv run scripts/prepare_item_properties.py
    deps:
    - path: data/item_properties_part1.csv
      hash: md5
      md5: cb43a0682a1af76f1c1b60f9163ae47b
      size: 484315749
    - path: data/item_properties_part2.csv
      hash: md5
      md5: e74ec953e7b192920b195dfd82dc2a4e
      size: 408929907
    - path: scripts/prepare_item_properties.py
      hash: md5
      md5: c2160e7bc70d88ff7f12dec2cb1a0d30
      size: 3731
    params:
      params.yaml:
        prepare_item_properties.item_properties_part1_path: 
          data/item_properties_part1.csv
        prepare_item_properties.item_properties_part2_path: 
          data/item_properties_part2.csv
        prepare_item_properties.output_dir_path: data/prepared
    outs:
    - path: data/prepared/item_properties.parquet
      hash: md5
      md5: 46f98633188bb1e2d507ae970fb7cbf1
      size: 106749385
    - path: data/prepared/item_properties_values_encoded.parquet
      hash: md5
      md5: c577c9538f0d0d020a9af96277810f40
      size: 24718645
  featurize:
    cmd: uv run scripts/featurize.py
    deps:
    - path: data/prepared/categories.parquet
      hash: md5
      md5: f09f791e24edffe449429812d73923ab
      size: 11579
    - path: data/prepared/item_properties.parquet
      hash: md5
      md5: 46f98633188bb1e2d507ae970fb7cbf1
      size: 106749385
    - path: data/prepared/sessions.parquet
      hash: md5
      md5: 9a266935b211660834ed2168e8593e02
      size: 18362625
    - path: scripts/featurize.py
      hash: md5
      md5: 503d64fc3087f70d5e101fb615b428e0
      size: 1834
    params:
      params.yaml:
        featurize.categories_path: data/prepared/categories.parquet
        featurize.item_properties_path: data/prepared/item_properties.parquet
        featurize.output_dir_path: data/prepared
        featurize.sessions_path: data/prepared/sessions.parquet
    outs:
    - path: data/prepared/enriched_sessions.parquet
      hash: md5
      md5: 7b7840597f91bbde4a96e029fc5434eb
      size: 30490060
